// !$*UTF8*$!
{
	archiveVersion = 1;
	classes = {
	};
	objectVersion = 50;
	objects = {

/* Begin PBXBuildFile section */
		DA90B20724AD836A00481BC1 /* AppDelegate.swift in Sources */ = {isa = PBXBuildFile; fileRef = DA90B20624AD836A00481BC1 /* AppDelegate.swift */; };
		DA90B20924AD836A00481BC1 /* SceneDelegate.swift in Sources */ = {isa = PBXBuildFile; fileRef = DA90B20824AD836A00481BC1 /* SceneDelegate.swift */; };
		DA90B20B24AD836A00481BC1 /* ViewController.swift in Sources */ = {isa = PBXBuildFile; fileRef = DA90B20A24AD836A00481BC1 /* ViewController.swift */; };
		DA90B20E24AD836A00481BC1 /* Main.storyboard in Resources */ = {isa = PBXBuildFile; fileRef = DA90B20C24AD836A00481BC1 /* Main.storyboard */; };
		DA90B21024AD836C00481BC1 /* Assets.xcassets in Resources */ = {isa = PBXBuildFile; fileRef = DA90B20F24AD836C00481BC1 /* Assets.xcassets */; };
		DA90B21324AD836C00481BC1 /* LaunchScreen.storyboard in Resources */ = {isa = PBXBuildFile; fileRef = DA90B21124AD836C00481BC1 /* LaunchScreen.storyboard */; };
		DAFB92DD24B01CEF008FCBC5 /* question.csv in Resources */ = {isa = PBXBuildFile; fileRef = DAFB92DC24B01CEF008FCBC5 /* question.csv */; };
		DAFB92DF24B01E3B008FCBC5 /* QuestionDataManager.swift in Sources */ = {isa = PBXBuildFile; fileRef = DAFB92DE24B01E3B008FCBC5 /* QuestionDataManager.swift */; };
		DAFB92E124B0268F008FCBC5 /* QuestionViewController.swift in Sources */ = {isa = PBXBuildFile; fileRef = DAFB92E024B0268F008FCBC5 /* QuestionViewController.swift */; };
		DAFB92E324B02AA4008FCBC5 /* ResultViewController.swift in Sources */ = {isa = PBXBuildFile; fileRef = DAFB92E224B02AA4008FCBC5 /* ResultViewController.swift */; };
/* End PBXBuildFile section */

/* Begin PBXFileReference section */
		DA90B20324AD836A00481BC1 /* Quiz.app */ = {isa = PBXFileReference; explicitFileType = wrapper.application; includeInIndex = 0; path = Quiz.app; sourceTree = BUILT_PRODUCTS_DIR; };
		DA90B20624AD836A00481BC1 /* AppDelegate.swift */ = {isa = PBXFileReference; lastKnownFileType = sourcecode.swift; path = AppDelegate.swift; sourceTree = "<group>"; };
		DA90B20824AD836A00481BC1 /* SceneDelegate.swift */ = {isa = PBXFileReference; lastKnownFileType = sourcecode.swift; path = SceneDelegate.swift; sourceTree = "<group>"; };
		DA90B20A24AD836A00481BC1 /* ViewController.swift */ = {isa = PBXFileReference; lastKnownFileType = sourcecode.swift; path = ViewController.swift; sourceTree = "<group>"; };
		DA90B20D24AD836A00481BC1 /* Base */ = {isa = PBXFileReference; lastKnownFileType = file.storyboard; name = Base; path = Base.lproj/Main.storyboard; sourceTree = "<group>"; };
		DA90B20F24AD836C00481BC1 /* Assets.xcassets */ = {isa = PBXFileReference; lastKnownFileType = folder.assetcatalog; path = Assets.xcassets; sourceTree = "<group>"; };
		DA90B21224AD836C00481BC1 /* Base */ = {isa = PBXFileReference; lastKnownFileType = file.storyboard; name = Base; path = Base.lproj/LaunchScreen.storyboard; sourceTree = "<group>"; };
		DA90B21424AD836C00481BC1 /* Info.plist */ = {isa = PBXFileReference; lastKnownFileType = text.plist.xml; path = Info.plist; sourceTree = "<group>"; };
		DAFB92DC24B01CEF008FCBC5 /* question.csv */ = {isa = PBXFileReference; lastKnownFileType = text.xml; path = question.csv; sourceTree = "<group>"; };
		DAFB92DE24B01E3B008FCBC5 /* QuestionDataManager.swift */ = {isa = PBXFileReference; lastKnownFileType = sourcecode.swift; path = QuestionDataManager.swift; sourceTree = "<group>"; };
		DAFB92E024B0268F008FCBC5 /* QuestionViewController.swift */ = {isa = PBXFileReference; lastKnownFileType = sourcecode.swift; path = QuestionViewController.swift; sourceTree = "<group>"; };
		DAFB92E224B02AA4008FCBC5 /* ResultViewController.swift */ = {isa = PBXFileReference; lastKnownFileType = sourcecode.swift; path = ResultViewController.swift; sourceTree = "<group>"; };
/* End PBXFileReference section */

/* Begin PBXFrameworksBuildPhase section */
		DA90B20024AD836A00481BC1 /* Frameworks */ = {
			isa = PBXFrameworksBuildPhase;
			buildActionMask = 2147483647;
			files = (
			);
			runOnlyForDeploymentPostprocessing = 0;
		};
/* End PBXFrameworksBuildPhase section */

/* Begin PBXGroup section */
		DA90B1FA24AD836A00481BC1 = {
			isa = PBXGroup;
			children = (
				DA90B20524AD836A00481BC1 /* Quiz */,
				DA90B20424AD836A00481BC1 /* Products */,
			);
			sourceTree = "<group>";
		};
		DA90B20424AD836A00481BC1 /* Products */ = {
			isa = PBXGroup;
			children = (
				DA90B20324AD836A00481BC1 /* Quiz.app */,
			);
			name = Products;
			sourceTree = "<group>";
		};
		DA90B20524AD836A00481BC1 /* Quiz */ = {
			isa = PBXGroup;
			children = (
				DA90B20624AD836A00481BC1 /* AppDelegate.swift */,
				DA90B20824AD836A00481BC1 /* SceneDelegate.swift */,
				DA90B20A24AD836A00481BC1 /* ViewController.swift */,
				DAFB92E024B0268F008FCBC5 /* QuestionViewController.swift */,
				DAFB92E224B02AA4008FCBC5 /* ResultViewController.swift */,
				DA90B20C24AD836A00481BC1 /* Main.storyboard */,
				DAFB92DC24B01CEF008FCBC5 /* question.csv */,
				DAFB92DE24B01E3B008FCBC5 /* QuestionDataManager.swift */,
				DA90B20F24AD836C00481BC1 /* Assets.xcassets */,
				DA90B21124AD836C00481BC1 /* LaunchScreen.storyboard */,
				DA90B21424AD836C00481BC1 /* Info.plist */,
			);
			path = Quiz;
			sourceTree = "<group>";
		};
/* End PBXGroup section */

/* Begin PBXNativeTarget section */
		DA90B20224AD836A00481BC1 /* Quiz */ = {
			isa = PBXNativeTarget;
			buildConfigurationList = DA90B21724AD836C00481BC1 /* Build configuration list for PBXNativeTarget "Quiz" */;
			buildPhases = (
				DA90B1FF24AD836A00481BC1 /* Sources */,
				DA90B20024AD836A00481BC1 /* Frameworks */,
				DA90B20124AD836A00481BC1 /* Resources */,
			);
			buildRules = (
			);
			dependencies = (
			);
			name = Quiz;
			productName = Quiz;
			productReference = DA90B20324AD836A00481BC1 /* Quiz.app */;
			productType = "com.apple.product-type.application";
		};
/* End PBXNativeTarget section */

/* Begin PBXProject section */
		DA90B1FB24AD836A00481BC1 /* Project object */ = {
			isa = PBXProject;
			attributes = {
				LastSwiftUpdateCheck = 1150;
				LastUpgradeCheck = 1150;
				ORGANIZATIONNAME = "ryo takumi";
				TargetAttributes = {
					DA90B20224AD836A00481BC1 = {
						CreatedOnToolsVersion = 11.5;
					};
				};
			};
			buildConfigurationList = DA90B1FE24AD836A00481BC1 /* Build configuration list for PBXProject "Quiz" */;
			compatibilityVersion = "Xcode 9.3";
			developmentRegion = en;
			hasScannedForEncodings = 0;
			knownRegions = (
				en,
				Base,
			);
			mainGroup = DA90B1FA24AD836A00481BC1;
			productRefGroup = DA90B20424AD836A00481BC1 /* Products */;
			projectDirPath = "";
			projectRoot = "";
			targets = (
				DA90B20224AD836A00481BC1 /* Quiz */,
			);
		};
/* End PBXProject section */

/* Begin PBXResourcesBuildPhase section */
		DA90B20124AD836A00481BC1 /* Resources */ = {
			isa = PBXResourcesBuildPhase;
			buildActionMask = 2147483647;
			files = (
				DA90B21324AD836C00481BC1 /* LaunchScreen.storyboard in Resources */,
				DA90B21024AD836C00481BC1 /* Assets.xcassets in Resources */,
				DAFB92DD24B01CEF008FCBC5 /* question.csv in Resources */,
				DA90B20E24AD836A00481BC1 /* Main.storyboard in Resources */,
			);
			runOnlyForDeploymentPostprocessing = 0;
		};
/* End PBXResourcesBuildPhase section */

/* Begin PBXSourcesBuildPhase section */
		DA90B1FF24AD836A00481BC1 /* Sources */ = {
			isa = PBXSourcesBuildPhase;
			buildActionMask = 2147483647;
			files = (
				DA90B20B24AD836A00481BC1 /* ViewController.swift in Sources */,
				DAFB92E124B0268F008FCBC5 /* QuestionViewController.swift in Sources */,
				DAFB92DF24B01E3B008FCBC5 /* QuestionDataManager.swift in Sources */,
				DA90B20724AD836A00481BC1 /* AppDelegate.swift in Sources */,
				DA90B20924AD836A00481BC1 /* SceneDelegate.swift in Sources */,
				DAFB92E324B02AA4008FCBC5 /* ResultViewController.swift in Sources */,
			);
			runOnlyForDeploymentPostprocessing = 0;
		};
/* End PBXSourcesBuildPhase section */

/* Begin PBXVariantGroup section */
		DA90B20C24AD836A00481BC1 /* Main.storyboard */ = {
			isa = PBXVariantGroup;
			children = (
				DA90B20D24AD836A00481BC1 /* Base */,
			);
			name = Main.storyboard;
			sourceTree = "<group>";
		};
		DA90B21124AD836C00481BC1 /* LaunchScreen.storyboard */ = {
			isa = PBXVariantGroup;
			children = (
				DA90B21224AD836C00481BC1 /* Base */,
			);
			name = LaunchScreen.storyboard;
			sourceTree = "<group>";
		};
/* End PBXVariantGroup section */

/* Begin XCBuildConfiguration section */
		DA90B21524AD836C00481BC1 /* Debug */ = {
			isa = XCBuildConfiguration;
			buildSettings = {
				ALWAYS_SEARCH_USER_PATHS = NO;
				CLANG_ANALYZER_NONNULL = YES;
				CLANG_ANALYZER_NUMBER_OBJECT_CONVERSION = YES_AGGRESSIVE;
				CLANG_CXX_LANGUAGE_STANDARD = "gnu++14";
				CLANG_CXX_LIBRARY = "libc++";
				CLANG_ENABLE_MODULES = YES;
				CLANG_ENABLE_OBJC_ARC = YES;
				CLANG_ENABLE_OBJC_WEAK = YES;
				CLANG_WARN_BLOCK_CAPTURE_AUTORELEASING = YES;
				CLANG_WARN_BOOL_CONVERSION = YES;
				CLANG_WARN_COMMA = YES;
				CLANG_WARN_CONSTANT_CONVERSION = YES;
				CLANG_WARN_DEPRECATED_OBJC_IMPLEMENTATIONS = YES;
				CLANG_WARN_DIRECT_OBJC_ISA_USAGE = YES_ERROR;
				CLANG_WARN_DOCUMENTATION_COMMENTS = YES;
				CLANG_WARN_EMPTY_BODY = YES;
				CLANG_WARN_ENUM_CONVERSION = YES;
				CLANG_WARN_INFINITE_RECURSION = YES;
				CLANG_WARN_INT_CONVERSION = YES;
				CLANG_WARN_NON_LITERAL_NULL_CONVERSION = YES;
				CLANG_WARN_OBJC_IMPLICIT_RETAIN_SELF = YES;
				CLANG_WARN_OBJC_LITERAL_CONVERSION = YES;
				CLANG_WARN_OBJC_ROOT_CLASS = YES_ERROR;
				CLANG_WARN_RANGE_LOOP_ANALYSIS = YES;
				CLANG_WARN_STRICT_PROTOTYPES = YES;
				CLANG_WARN_SUSPICIOUS_MOVE = YES;
				CLANG_WARN_UNGUARDED_AVAILABILITY = YES_AGGRESSIVE;
				CLANG_WARN_UNREACHABLE_CODE = YES;
				CLANG_WARN__DUPLICATE_METHOD_MATCH = YES;
				COPY_PHASE_STRIP = NO;
				DEBUG_INFORMATION_FORMAT = dwarf;
				ENABLE_STRICT_OBJC_MSGSEND = YES;
				ENABLE_TESTABILITY = YES;
				GCC_C_LANGUAGE_STANDARD = gnu11;
				GCC_DYNAMIC_NO_PIC = NO;
				GCC_NO_COMMON_BLOCKS = YES;
				GCC_OPTIMIZATION_LEVEL = 0;
				GCC_PREPROCESSOR_DEFINITIONS = (
					"DEBUG=1",
					"$(inherited)",
				);
				GCC_WARN_64_TO_32_BIT_CONVERSION = YES;
				GCC_WARN_ABOUT_RETURN_TYPE = YES_ERROR;
				GCC_WARN_UNDECLARED_SELECTOR = YES;
				GCC_WARN_UNINITIALIZED_AUTOS = YES_AGGRESSIVE;
				GCC_WARN_UNUSED_FUNCTION = YES;
				GCC_WARN_UNUSED_VARIABLE = YES;
				IPHONEOS_DEPLOYMENT_TARGET = 13.5;
				MTL_ENABLE_DEBUG_INFO = INCLUDE_SOURCE;
				MTL_FAST_MATH = YES;
				ONLY_ACTIVE_ARCH = YES;
				SDKROOT = iphoneos;
				SWIFT_ACTIVE_COMPILATION_CONDITIONS = DEBUG;
				SWIFT_OPTIMIZATION_LEVEL = "-Onone";
			};
			name = Debug;
		};
		DA90B21624AD836C00481BC1 /* Release */ = {
			isa = XCBuildConfiguration;
			buildSettings = {
				ALWAYS_SEARCH_USER_PATHS = NO;
				CLANG_ANALYZER_NONNULL = YES;
				CLANG_ANALYZER_NUMBER_OBJECT_CONVERSION = YES_AGGRESSIVE;
				CLANG_CXX_LANGUAGE_STANDARD = "gnu++14";
				CLANG_CXX_LIBRARY = "libc++";
				CLANG_ENABLE_MODULES = YES;
				CLANG_ENABLE_OBJC_ARC = YES;
				CLANG_ENABLE_OBJC_WEAK = YES;
				CLANG_WARN_BLOCK_CAPTURE_AUTORELEASING = YES;
				CLANG_WARN_BOOL_CONVERSION = YES;
				CLANG_WARN_COMMA = YES;
				CLANG_WARN_CONSTANT_CONVERSION = YES;
				CLANG_WARN_DEPRECATED_OBJC_IMPLEMENTATIONS = YES;
				CLANG_WARN_DIRECT_OBJC_ISA_USAGE = YES_ERROR;
				CLANG_WARN_DOCUMENTATION_COMMENTS = YES;
				CLANG_WARN_EMPTY_BODY = YES;
				CLANG_WARN_ENUM_CONVERSION = YES;
				CLANG_WARN_INFINITE_RECURSION = YES;
				CLANG_WARN_INT_CONVERSION = YES;
				CLANG_WARN_NON_LITERAL_NULL_CONVERSION = YES;
				CLANG_WARN_OBJC_IMPLICIT_RETAIN_SELF = YES;
				CLANG_WARN_OBJC_LITERAL_CONVERSION = YES;
				CLANG_WARN_OBJC_ROOT_CLASS = YES_ERROR;
				CLANG_WARN_RANGE_LOOP_ANALYSIS = YES;
				CLANG_WARN_STRICT_PROTOTYPES = YES;
				CLANG_WARN_SUSPICIOUS_MOVE = YES;
				CLANG_WARN_UNGUARDED_AVAILABILITY = YES_AGGRESSIVE;
				CLANG_WARN_UNREACHABLE_CODE = YES;
				CLANG_WARN__DUPLICATE_METHOD_MATCH = YES;
				COPY_PHASE_STRIP = NO;
				DEBUG_INFORMATION_FORMAT = "dwarf-with-dsym";
				ENABLE_NS_ASSERTIONS = NO;
				ENABLE_STRICT_OBJC_MSGSEND = YES;
				GCC_C_LANGUAGE_STANDARD = gnu11;
				GCC_NO_COMMON_BLOCKS = YES;
				GCC_WARN_64_TO_32_BIT_CONVERSION = YES;
				GCC_WARN_ABOUT_RETURN_TYPE = YES_ERROR;
				GCC_WARN_UNDECLARED_SELECTOR = YES;
				GCC_WARN_UNINITIALIZED_AUTOS = YES_AGGRESSIVE;
				GCC_WARN_UNUSED_FUNCTION = YES;
				GCC_WARN_UNUSED_VARIABLE = YES;
				IPHONEOS_DEPLOYMENT_TARGET = 13.5;
				MTL_ENABLE_DEBUG_INFO = NO;
				MTL_FAST_MATH = YES;
				SDKROOT = iphoneos;
				SWIFT_COMPILATION_MODE = wholemodule;
				SWIFT_OPTIMIZATION_LEVEL = "-O";
				VALIDATE_PRODUCT = YES;
			};
			name = Release;
		};
		DA90B21824AD836C00481BC1 /* Debug */ = {
			isa = XCBuildConfiguration;
			buildSettings = {
				ASSETCATALOG_COMPILER_APPICON_NAME = AppIcon;
				CODE_SIGN_STYLE = Automatic;
				DEVELOPMENT_TEAM = 9PQ9KFLVZ8;
				INFOPLIST_FILE = Quiz/Info.plist;
				LD_RUNPATH_SEARCH_PATHS = (
					"$(inherited)",
					"@executable_path/Frameworks",
				);
				PRODUCT_BUNDLE_IDENTIFIER = ryo.Quiz;
				PRODUCT_NAME = "$(TARGET_NAME)";
				SWIFT_VERSION = 5.0;
				TARGETED_DEVICE_FAMILY = "1,2";
			};
			name = Debug;
		};
		DA90B21924AD836C00481BC1 /* Release */ = {
			isa = XCBuildConfiguration;
			buildSettings = {
				ASSETCATALOG_COMPILER_APPICON_NAME = AppIcon;
				CODE_SIGN_STYLE = Automatic;
				DEVELOPMENT_TEAM = 9PQ9KFLVZ8;
				INFOPLIST_FILE = Quiz/Info.plist;
				LD_RUNPATH_SEARCH_PATHS = (
					"$(inherited)",
					"@executable_path/Frameworks",
				);
				PRODUCT_BUNDLE_IDENTIFIER = ryo.Quiz;
				PRODUCT_NAME = "$(TARGET_NAME)";
				SWIFT_VERSION = 5.0;
				TARGETED_DEVICE_FAMILY = "1,2";
			};
			name = Release;
		};
/* End XCBuildConfiguration section */

/* Begin XCConfigurationList section */
		DA90B1FE24AD836A00481BC1 /* Build configuration list for PBXProject "Quiz" */ = {
			isa = XCConfigurationList;
			buildConfigurations = (
				DA90B21524AD836C00481BC1 /* Debug */,
				DA90B21624AD836C00481BC1 /* Release */,
			);
			defaultConfigurationIsVisible = 0;
			defaultConfigurationName = Release;
		};
		DA90B21724AD836C00481BC1 /* Build configuration list for PBXNativeTarget "Quiz" */ = {
			isa = XCConfigurationList;
			buildConfigurations = (
				DA90B21824AD836C00481BC1 /* Debug */,
				DA90B21924AD836C00481BC1 /* Release */,
			);
			defaultConfigurationIsVisible = 0;
			defaultConfigurationName = Release;
		};
/* End XCConfigurationList section */
	};
	rootObject = DA90B1FB24AD836A00481BC1 /* Project object */;
}
